
Microsoft Visual Studio Solution File, Format Version 12.00
# Visual Studio Version 16
VisualStudioVersion = 25.0.1703.0
MinimumVisualStudioVersion = 10.0.40219.1
Project("{FAE04EC0-301F-11D3-BF4B-00C04F79EFBC}") = "TimeCodeAPI", "TimeCodeAPI\TimeCodeAPI.csproj", "{D3491FB6-3016-4648-9BC0-39D79770ABF2}"
EndProject
Project("{FAE04EC0-301F-11D3-BF4B-00C04F79EFBC}") = "TimeCodeAPITest", "TimeCodeAPITest\TimeCodeAPITest.csproj", "{6CD413A4-6C5F-4766-BA5A-151F9B9410B0}"
EndProject
Global
	GlobalSection(SolutionConfigurationPlatforms) = preSolution
		Debug|Any CPU = Debug|Any CPU
		Release|Any CPU = Release|Any CPU
	EndGlobalSection
	GlobalSection(ProjectConfigurationPlatforms) = postSolution
		{D3491FB6-3016-4648-9BC0-39D79770ABF2}.Debug|Any CPU.ActiveCfg = Debug|Any CPU
		{D3491FB6-3016-4648-9BC0-39D79770ABF2}.Debug|Any CPU.Build.0 = Debug|Any CPU
		{D3491FB6-3016-4648-9BC0-39D79770ABF2}.Release|Any CPU.ActiveCfg = Release|Any CPU
		{D3491FB6-3016-4648-9BC0-39D79770ABF2}.Release|Any CPU.Build.0 = Release|Any CPU
		{6CD413A4-6C5F-4766-BA5A-151F9B9410B0}.Debug|Any CPU.ActiveCfg = Debug|Any CPU
		{6CD413A4-6C5F-4766-BA5A-151F9B9410B0}.Debug|Any CPU.Build.0 = Debug|Any CPU
		{6CD413A4-6C5F-4766-BA5A-151F9B9410B0}.Release|Any CPU.ActiveCfg = Release|Any CPU
		{6CD413A4-6C5F-4766-BA5A-151F9B9410B0}.Release|Any CPU.Build.0 = Release|Any CPU
	EndGlobalSection
	GlobalSection(SolutionProperties) = preSolution
		HideSolutionNode = FALSE
	EndGlobalSection
	GlobalSection(ExtensibilityGlobals) = postSolution
		SolutionGuid = {6D7C9183-D46D-4BF1-864C-3E5EFF633146}
	EndGlobalSection
EndGlobal
