
Microsoft Visual Studio Solution File, Format Version 12.00
# Visual Studio Version 16
VisualStudioVersion = 25.0.1703.0
MinimumVisualStudioVersion = 10.0.40219.1
Project("{FAE04EC0-301F-11D3-BF4B-00C04F79EFBC}") = "ShowReelsAPI", "ShowReelsAPI\ShowReelsAPI.csproj", "{27BFACC7-7651-4B31-BF49-C701B479985C}"
EndProject
Project("{FAE04EC0-301F-11D3-BF4B-00C04F79EFBC}") = "ShowReelsAPITest", "ShowReelsAPITest\ShowReelsAPITest.csproj", "{9BC38734-60D6-4C55-AE59-06DA9EA5EAC4}"
EndProject
Global
	GlobalSection(SolutionConfigurationPlatforms) = preSolution
		Debug|Any CPU = Debug|Any CPU
		Release|Any CPU = Release|Any CPU
	EndGlobalSection
	GlobalSection(ProjectConfigurationPlatforms) = postSolution
		{27BFACC7-7651-4B31-BF49-C701B479985C}.Debug|Any CPU.ActiveCfg = Debug|Any CPU
		{27BFACC7-7651-4B31-BF49-C701B479985C}.Debug|Any CPU.Build.0 = Debug|Any CPU
		{27BFACC7-7651-4B31-BF49-C701B479985C}.Release|Any CPU.ActiveCfg = Release|Any CPU
		{27BFACC7-7651-4B31-BF49-C701B479985C}.Release|Any CPU.Build.0 = Release|Any CPU
		{9BC38734-60D6-4C55-AE59-06DA9EA5EAC4}.Debug|Any CPU.ActiveCfg = Debug|Any CPU
		{9BC38734-60D6-4C55-AE59-06DA9EA5EAC4}.Debug|Any CPU.Build.0 = Debug|Any CPU
		{9BC38734-60D6-4C55-AE59-06DA9EA5EAC4}.Release|Any CPU.ActiveCfg = Release|Any CPU
		{9BC38734-60D6-4C55-AE59-06DA9EA5EAC4}.Release|Any CPU.Build.0 = Release|Any CPU
	EndGlobalSection
	GlobalSection(SolutionProperties) = preSolution
		HideSolutionNode = FALSE
	EndGlobalSection
	GlobalSection(ExtensibilityGlobals) = postSolution
		SolutionGuid = {0B629968-6A61-478F-B460-749738A8C048}
	EndGlobalSection
EndGlobal
